
Microsoft Visual Studio Solution File, Format Version 12.00
# Visual Studio Version 16
VisualStudioVersion = 16.0.31624.102
MinimumVisualStudioVersion = 10.0.40219.1
Project("{FAE04EC0-301F-11D3-BF4B-00C04F79EFBC}") = "PersonalFinance", "PersonalFinance\PersonalFinance.csproj", "{BA082986-ACF6-4CDC-99B4-B504C4ED171E}"
EndProject
Project("{FAE04EC0-301F-11D3-BF4B-00C04F79EFBC}") = "TelephoneBook", "TelephoneBook\TelephoneBook.csproj", "{654D3707-6AB3-4912-99BD-5DE5E6802022}"
EndProject
Global
	GlobalSection(SolutionConfigurationPlatforms) = preSolution
		Debug|Any CPU = Debug|Any CPU
		Release|Any CPU = Release|Any CPU
	EndGlobalSection
	GlobalSection(ProjectConfigurationPlatforms) = postSolution
		{BA082986-ACF6-4CDC-99B4-B504C4ED171E}.Debug|Any CPU.ActiveCfg = Debug|Any CPU
		{BA082986-ACF6-4CDC-99B4-B504C4ED171E}.Debug|Any CPU.Build.0 = Debug|Any CPU
		{BA082986-ACF6-4CDC-99B4-B504C4ED171E}.Release|Any CPU.ActiveCfg = Release|Any CPU
		{BA082986-ACF6-4CDC-99B4-B504C4ED171E}.Release|Any CPU.Build.0 = Release|Any CPU
		{654D3707-6AB3-4912-99BD-5DE5E6802022}.Debug|Any CPU.ActiveCfg = Debug|Any CPU
		{654D3707-6AB3-4912-99BD-5DE5E6802022}.Debug|Any CPU.Build.0 = Debug|Any CPU
		{654D3707-6AB3-4912-99BD-5DE5E6802022}.Release|Any CPU.ActiveCfg = Release|Any CPU
		{654D3707-6AB3-4912-99BD-5DE5E6802022}.Release|Any CPU.Build.0 = Release|Any CPU
	EndGlobalSection
	GlobalSection(SolutionProperties) = preSolution
		HideSolutionNode = FALSE
	EndGlobalSection
	GlobalSection(ExtensibilityGlobals) = postSolution
		SolutionGuid = {29C871C7-7CEF-444E-9D6A-6785B0AF3D78}
	EndGlobalSection
EndGlobal
