
Microsoft Visual Studio Solution File, Format Version 12.00
# Visual Studio Version 16
VisualStudioVersion = 16.0.31624.102
MinimumVisualStudioVersion = 10.0.40219.1
Project("{9A19103F-16F7-4668-BE54-9A1E7A4F7556}") = "Doubling", "Doubling\Doubling.csproj", "{4A4C3E08-E3CD-415B-8118-1B74FAE7CCE6}"
EndProject
Project("{9A19103F-16F7-4668-BE54-9A1E7A4F7556}") = "GreeterFunction", "GreeterFunction\GreeterFunction.csproj", "{E3A035F0-C601-4AF5-A34C-10AB3CB0BC2A}"
EndProject
Project("{FAE04EC0-301F-11D3-BF4B-00C04F79EFBC}") = "AppendA", "AppendA\AppendA.csproj", "{827D0811-0C5A-4067-B7E2-39B8536288CC}"
EndProject
Project("{FAE04EC0-301F-11D3-BF4B-00C04F79EFBC}") = "Summing", "Summing\Summing.csproj", "{F475B2CA-2C89-41AB-9586-84B6B9CAB94E}"
EndProject
Project("{FAE04EC0-301F-11D3-BF4B-00C04F79EFBC}") = "Factorial", "Factorial\Factorial.csproj", "{3FDB6770-152A-4FE4-9683-2F3DD69A3018}"
EndProject
Global
	GlobalSection(SolutionConfigurationPlatforms) = preSolution
		Debug|Any CPU = Debug|Any CPU
		Release|Any CPU = Release|Any CPU
	EndGlobalSection
	GlobalSection(ProjectConfigurationPlatforms) = postSolution
		{4A4C3E08-E3CD-415B-8118-1B74FAE7CCE6}.Debug|Any CPU.ActiveCfg = Debug|Any CPU
		{4A4C3E08-E3CD-415B-8118-1B74FAE7CCE6}.Debug|Any CPU.Build.0 = Debug|Any CPU
		{4A4C3E08-E3CD-415B-8118-1B74FAE7CCE6}.Release|Any CPU.ActiveCfg = Release|Any CPU
		{4A4C3E08-E3CD-415B-8118-1B74FAE7CCE6}.Release|Any CPU.Build.0 = Release|Any CPU
		{E3A035F0-C601-4AF5-A34C-10AB3CB0BC2A}.Debug|Any CPU.ActiveCfg = Debug|Any CPU
		{E3A035F0-C601-4AF5-A34C-10AB3CB0BC2A}.Debug|Any CPU.Build.0 = Debug|Any CPU
		{E3A035F0-C601-4AF5-A34C-10AB3CB0BC2A}.Release|Any CPU.ActiveCfg = Release|Any CPU
		{E3A035F0-C601-4AF5-A34C-10AB3CB0BC2A}.Release|Any CPU.Build.0 = Release|Any CPU
		{827D0811-0C5A-4067-B7E2-39B8536288CC}.Debug|Any CPU.ActiveCfg = Debug|Any CPU
		{827D0811-0C5A-4067-B7E2-39B8536288CC}.Debug|Any CPU.Build.0 = Debug|Any CPU
		{827D0811-0C5A-4067-B7E2-39B8536288CC}.Release|Any CPU.ActiveCfg = Release|Any CPU
		{827D0811-0C5A-4067-B7E2-39B8536288CC}.Release|Any CPU.Build.0 = Release|Any CPU
		{F475B2CA-2C89-41AB-9586-84B6B9CAB94E}.Debug|Any CPU.ActiveCfg = Debug|Any CPU
		{F475B2CA-2C89-41AB-9586-84B6B9CAB94E}.Debug|Any CPU.Build.0 = Debug|Any CPU
		{F475B2CA-2C89-41AB-9586-84B6B9CAB94E}.Release|Any CPU.ActiveCfg = Release|Any CPU
		{F475B2CA-2C89-41AB-9586-84B6B9CAB94E}.Release|Any CPU.Build.0 = Release|Any CPU
		{3FDB6770-152A-4FE4-9683-2F3DD69A3018}.Debug|Any CPU.ActiveCfg = Debug|Any CPU
		{3FDB6770-152A-4FE4-9683-2F3DD69A3018}.Debug|Any CPU.Build.0 = Debug|Any CPU
		{3FDB6770-152A-4FE4-9683-2F3DD69A3018}.Release|Any CPU.ActiveCfg = Release|Any CPU
		{3FDB6770-152A-4FE4-9683-2F3DD69A3018}.Release|Any CPU.Build.0 = Release|Any CPU
	EndGlobalSection
	GlobalSection(SolutionProperties) = preSolution
		HideSolutionNode = FALSE
	EndGlobalSection
	GlobalSection(ExtensibilityGlobals) = postSolution
		SolutionGuid = {D027B3D3-5C89-49F6-82C4-F51268B871D5}
	EndGlobalSection
EndGlobal
