
Microsoft Visual Studio Solution File, Format Version 12.00
# Visual Studio Version 16
VisualStudioVersion = 16.0.31729.503
MinimumVisualStudioVersion = 10.0.40219.1
Project("{FAE04EC0-301F-11D3-BF4B-00C04F79EFBC}") = "ListingTodos", "ListingTodos\ListingTodos.csproj", "{65341C9A-C739-4B91-B3C6-5B09FCF0FB8E}"
EndProject
Global
	GlobalSection(SolutionConfigurationPlatforms) = preSolution
		Debug|Any CPU = Debug|Any CPU
		Release|Any CPU = Release|Any CPU
	EndGlobalSection
	GlobalSection(ProjectConfigurationPlatforms) = postSolution
		{65341C9A-C739-4B91-B3C6-5B09FCF0FB8E}.Debug|Any CPU.ActiveCfg = Debug|Any CPU
		{65341C9A-C739-4B91-B3C6-5B09FCF0FB8E}.Debug|Any CPU.Build.0 = Debug|Any CPU
		{65341C9A-C739-4B91-B3C6-5B09FCF0FB8E}.Release|Any CPU.ActiveCfg = Release|Any CPU
		{65341C9A-C739-4B91-B3C6-5B09FCF0FB8E}.Release|Any CPU.Build.0 = Release|Any CPU
	EndGlobalSection
	GlobalSection(SolutionProperties) = preSolution
		HideSolutionNode = FALSE
	EndGlobalSection
	GlobalSection(ExtensibilityGlobals) = postSolution
		SolutionGuid = {419C8211-4759-49E3-B993-B8E76A28C9BE}
	EndGlobalSection
EndGlobal
