
Microsoft Visual Studio Solution File, Format Version 12.00
# Visual Studio Version 16
VisualStudioVersion = 16.0.31624.102
MinimumVisualStudioVersion = 10.0.40219.1
Project("{FAE04EC0-301F-11D3-BF4B-00C04F79EFBC}") = "Teachers_And_Students", "Teachers_And_Students\Teachers_And_Students.csproj", "{BA91D409-ECB8-4972-A9DC-E533A80E908E}"
EndProject
Project("{FAE04EC0-301F-11D3-BF4B-00C04F79EFBC}") = "PetrolStation", "PetrolStation\PetrolStation.csproj", "{B86EAA28-620B-401C-991F-7BAD0A2164B9}"
EndProject
Global
	GlobalSection(SolutionConfigurationPlatforms) = preSolution
		Debug|Any CPU = Debug|Any CPU
		Release|Any CPU = Release|Any CPU
	EndGlobalSection
	GlobalSection(ProjectConfigurationPlatforms) = postSolution
		{BA91D409-ECB8-4972-A9DC-E533A80E908E}.Debug|Any CPU.ActiveCfg = Debug|Any CPU
		{BA91D409-ECB8-4972-A9DC-E533A80E908E}.Debug|Any CPU.Build.0 = Debug|Any CPU
		{BA91D409-ECB8-4972-A9DC-E533A80E908E}.Release|Any CPU.ActiveCfg = Release|Any CPU
		{BA91D409-ECB8-4972-A9DC-E533A80E908E}.Release|Any CPU.Build.0 = Release|Any CPU
		{B86EAA28-620B-401C-991F-7BAD0A2164B9}.Debug|Any CPU.ActiveCfg = Debug|Any CPU
		{B86EAA28-620B-401C-991F-7BAD0A2164B9}.Debug|Any CPU.Build.0 = Debug|Any CPU
		{B86EAA28-620B-401C-991F-7BAD0A2164B9}.Release|Any CPU.ActiveCfg = Release|Any CPU
		{B86EAA28-620B-401C-991F-7BAD0A2164B9}.Release|Any CPU.Build.0 = Release|Any CPU
	EndGlobalSection
	GlobalSection(SolutionProperties) = preSolution
		HideSolutionNode = FALSE
	EndGlobalSection
	GlobalSection(ExtensibilityGlobals) = postSolution
		SolutionGuid = {AF06265A-5A78-40B8-9A4B-1888083F65A8}
	EndGlobalSection
EndGlobal
