
Microsoft Visual Studio Solution File, Format Version 12.00
# Visual Studio Version 16
VisualStudioVersion = 16.0.31624.102
MinimumVisualStudioVersion = 10.0.40219.1
Project("{FAE04EC0-301F-11D3-BF4B-00C04F79EFBC}") = "Cloneable", "Cloneable\Cloneable.csproj", "{CA759E11-7A51-4BB6-9905-0C3534260F85}"
EndProject
Project("{FAE04EC0-301F-11D3-BF4B-00C04F79EFBC}") = "Comparable", "Comparable\Comparable.csproj", "{D857D2FE-6178-4FD6-B4CD-333A5C52416E}"
EndProject
Global
	GlobalSection(SolutionConfigurationPlatforms) = preSolution
		Debug|Any CPU = Debug|Any CPU
		Release|Any CPU = Release|Any CPU
	EndGlobalSection
	GlobalSection(ProjectConfigurationPlatforms) = postSolution
		{CA759E11-7A51-4BB6-9905-0C3534260F85}.Debug|Any CPU.ActiveCfg = Debug|Any CPU
		{CA759E11-7A51-4BB6-9905-0C3534260F85}.Debug|Any CPU.Build.0 = Debug|Any CPU
		{CA759E11-7A51-4BB6-9905-0C3534260F85}.Release|Any CPU.ActiveCfg = Release|Any CPU
		{CA759E11-7A51-4BB6-9905-0C3534260F85}.Release|Any CPU.Build.0 = Release|Any CPU
		{D857D2FE-6178-4FD6-B4CD-333A5C52416E}.Debug|Any CPU.ActiveCfg = Debug|Any CPU
		{D857D2FE-6178-4FD6-B4CD-333A5C52416E}.Debug|Any CPU.Build.0 = Debug|Any CPU
		{D857D2FE-6178-4FD6-B4CD-333A5C52416E}.Release|Any CPU.ActiveCfg = Release|Any CPU
		{D857D2FE-6178-4FD6-B4CD-333A5C52416E}.Release|Any CPU.Build.0 = Release|Any CPU
	EndGlobalSection
	GlobalSection(SolutionProperties) = preSolution
		HideSolutionNode = FALSE
	EndGlobalSection
	GlobalSection(ExtensibilityGlobals) = postSolution
		SolutionGuid = {CE07160A-D2DA-4E9C-BCFE-CD4B86DBE314}
	EndGlobalSection
EndGlobal
