
Microsoft Visual Studio Solution File, Format Version 12.00
# Visual Studio Version 16
VisualStudioVersion = 16.0.31624.102
MinimumVisualStudioVersion = 10.0.40219.1
Project("{FAE04EC0-301F-11D3-BF4B-00C04F79EFBC}") = "HelloMe", "HelloMe\HelloMe.csproj", "{6A83E1AB-BF0C-4B72-8C38-577F6C54FF3B}"
EndProject
Project("{FAE04EC0-301F-11D3-BF4B-00C04F79EFBC}") = "HumptyDumpty", "HumptyDumpty\HumptyDumpty.csproj", "{1B8C13D4-146D-41C1-872D-821223553408}"
EndProject
Project("{FAE04EC0-301F-11D3-BF4B-00C04F79EFBC}") = "HelloOthers", "HelloOthers\HelloOthers.csproj", "{6250CB0A-2B9A-4700-8DC8-647635C2079F}"
EndProject
Global
	GlobalSection(SolutionConfigurationPlatforms) = preSolution
		Debug|Any CPU = Debug|Any CPU
		Release|Any CPU = Release|Any CPU
	EndGlobalSection
	GlobalSection(ProjectConfigurationPlatforms) = postSolution
		{6A83E1AB-BF0C-4B72-8C38-577F6C54FF3B}.Debug|Any CPU.ActiveCfg = Debug|Any CPU
		{6A83E1AB-BF0C-4B72-8C38-577F6C54FF3B}.Debug|Any CPU.Build.0 = Debug|Any CPU
		{6A83E1AB-BF0C-4B72-8C38-577F6C54FF3B}.Release|Any CPU.ActiveCfg = Release|Any CPU
		{6A83E1AB-BF0C-4B72-8C38-577F6C54FF3B}.Release|Any CPU.Build.0 = Release|Any CPU
		{1B8C13D4-146D-41C1-872D-821223553408}.Debug|Any CPU.ActiveCfg = Debug|Any CPU
		{1B8C13D4-146D-41C1-872D-821223553408}.Debug|Any CPU.Build.0 = Debug|Any CPU
		{1B8C13D4-146D-41C1-872D-821223553408}.Release|Any CPU.ActiveCfg = Release|Any CPU
		{1B8C13D4-146D-41C1-872D-821223553408}.Release|Any CPU.Build.0 = Release|Any CPU
		{6250CB0A-2B9A-4700-8DC8-647635C2079F}.Debug|Any CPU.ActiveCfg = Debug|Any CPU
		{6250CB0A-2B9A-4700-8DC8-647635C2079F}.Debug|Any CPU.Build.0 = Debug|Any CPU
		{6250CB0A-2B9A-4700-8DC8-647635C2079F}.Release|Any CPU.ActiveCfg = Release|Any CPU
		{6250CB0A-2B9A-4700-8DC8-647635C2079F}.Release|Any CPU.Build.0 = Release|Any CPU
	EndGlobalSection
	GlobalSection(SolutionProperties) = preSolution
		HideSolutionNode = FALSE
	EndGlobalSection
	GlobalSection(ExtensibilityGlobals) = postSolution
		SolutionGuid = {14EB92E2-BAB9-4938-A6AC-A3861E05E80B}
	EndGlobalSection
EndGlobal
