
Microsoft Visual Studio Solution File, Format Version 12.00
# Visual Studio Version 16
VisualStudioVersion = 16.0.31624.102
MinimumVisualStudioVersion = 10.0.40219.1
Project("{FAE04EC0-301F-11D3-BF4B-00C04F79EFBC}") = "Post-it", "Post-it\Post-it.csproj", "{7B10B5CB-B342-442A-970C-D5C931272670}"
EndProject
Project("{FAE04EC0-301F-11D3-BF4B-00C04F79EFBC}") = "BlogPost", "BlogSpot\BlogPost.csproj", "{554B197F-8CEC-44C1-8E73-0EBD8A9F648C}"
EndProject
Global
	GlobalSection(SolutionConfigurationPlatforms) = preSolution
		Debug|Any CPU = Debug|Any CPU
		Release|Any CPU = Release|Any CPU
	EndGlobalSection
	GlobalSection(ProjectConfigurationPlatforms) = postSolution
		{7B10B5CB-B342-442A-970C-D5C931272670}.Debug|Any CPU.ActiveCfg = Debug|Any CPU
		{7B10B5CB-B342-442A-970C-D5C931272670}.Debug|Any CPU.Build.0 = Debug|Any CPU
		{7B10B5CB-B342-442A-970C-D5C931272670}.Release|Any CPU.ActiveCfg = Release|Any CPU
		{7B10B5CB-B342-442A-970C-D5C931272670}.Release|Any CPU.Build.0 = Release|Any CPU
		{554B197F-8CEC-44C1-8E73-0EBD8A9F648C}.Debug|Any CPU.ActiveCfg = Debug|Any CPU
		{554B197F-8CEC-44C1-8E73-0EBD8A9F648C}.Debug|Any CPU.Build.0 = Debug|Any CPU
		{554B197F-8CEC-44C1-8E73-0EBD8A9F648C}.Release|Any CPU.ActiveCfg = Release|Any CPU
		{554B197F-8CEC-44C1-8E73-0EBD8A9F648C}.Release|Any CPU.Build.0 = Release|Any CPU
	EndGlobalSection
	GlobalSection(SolutionProperties) = preSolution
		HideSolutionNode = FALSE
	EndGlobalSection
	GlobalSection(ExtensibilityGlobals) = postSolution
		SolutionGuid = {8756167D-83D6-4260-AE18-CCA4F24D8D7D}
	EndGlobalSection
EndGlobal
